
Microsoft Visual Studio Solution File, Format Version 12.00
# Visual Studio Version 17
VisualStudioVersion = 17.0.31903.59
MinimumVisualStudioVersion = 10.0.40219.1
Project("{FAE04EC0-301F-11D3-BF4B-00C04F79EFBC}") = "PdfSplit", "PdfSplit\PdfSplit.csproj", "{EF8D92FE-B7F9-410C-86FE-ED2BA6ACE5DE}"
EndProject
Project("{FAE04EC0-301F-11D3-BF4B-00C04F79EFBC}") = "UIWFPdfSplitter", "UIWFPdfSplitter\UIWFPdfSplitter.csproj", "{AA06B55A-144E-48D0-BEBB-F54763BA9ADB}"
EndProject
Global
	GlobalSection(SolutionConfigurationPlatforms) = preSolution
		Debug|Any CPU = Debug|Any CPU
		Release|Any CPU = Release|Any CPU
	EndGlobalSection
	GlobalSection(SolutionProperties) = preSolution
		HideSolutionNode = FALSE
	EndGlobalSection
	GlobalSection(ProjectConfigurationPlatforms) = postSolution
		{EF8D92FE-B7F9-410C-86FE-ED2BA6ACE5DE}.Debug|Any CPU.ActiveCfg = Debug|Any CPU
		{EF8D92FE-B7F9-410C-86FE-ED2BA6ACE5DE}.Debug|Any CPU.Build.0 = Debug|Any CPU
		{EF8D92FE-B7F9-410C-86FE-ED2BA6ACE5DE}.Release|Any CPU.ActiveCfg = Release|Any CPU
		{EF8D92FE-B7F9-410C-86FE-ED2BA6ACE5DE}.Release|Any CPU.Build.0 = Release|Any CPU
		{AA06B55A-144E-48D0-BEBB-F54763BA9ADB}.Debug|Any CPU.ActiveCfg = Debug|Any CPU
		{AA06B55A-144E-48D0-BEBB-F54763BA9ADB}.Debug|Any CPU.Build.0 = Debug|Any CPU
		{AA06B55A-144E-48D0-BEBB-F54763BA9ADB}.Release|Any CPU.ActiveCfg = Release|Any CPU
		{AA06B55A-144E-48D0-BEBB-F54763BA9ADB}.Release|Any CPU.Build.0 = Release|Any CPU
	EndGlobalSection
EndGlobal
